
Microsoft Visual Studio Solution File, Format Version 12.00
Project("{FAE04EC0-301F-11D3-BF4B-00C04F79EFBC}") = "ProjectKB8", "ProjectKB8\ProjectKB8.csproj", "{88030B65-E502-491F-B56A-E07BFDC42D80}"
EndProject
Global
	GlobalSection(SolutionConfigurationPlatforms) = preSolution
		Debug|Any CPU = Debug|Any CPU
		Release|Any CPU = Release|Any CPU
	EndGlobalSection
	GlobalSection(ProjectConfigurationPlatforms) = postSolution
		{88030B65-E502-491F-B56A-E07BFDC42D80}.Debug|Any CPU.ActiveCfg = Debug|Any CPU
		{88030B65-E502-491F-B56A-E07BFDC42D80}.Debug|Any CPU.Build.0 = Debug|Any CPU
		{88030B65-E502-491F-B56A-E07BFDC42D80}.Release|Any CPU.ActiveCfg = Release|Any CPU
		{88030B65-E502-491F-B56A-E07BFDC42D80}.Release|Any CPU.Build.0 = Release|Any CPU
	EndGlobalSection
EndGlobal
